{
    "name": "bon",
    "version": "0.0.1",
    "lockfileVersion": 1,
    "requires": true,
    "dependencies": {
        "bitpony": {
            "version": "0.0.1",
            "resolved": "https://registry.npmjs.org/bitpony/-/bitpony-0.0.1.tgz",
            "integrity": "sha1-yyHY7wnAeF6K+P5fJ3t5912+BeU=",
            "requires": {
                "int64-buffer": "^0.1.9"
            }
        },
        "int64-buffer": {
            "version": "0.1.10",
            "resolved": "https://registry.npmjs.org/int64-buffer/-/int64-buffer-0.1.10.tgz",
            "integrity": "sha1-J3siiofZWtd30HwTgyAiQGpHNCM="
        }
    }
}
